
Microsoft Visual Studio Solution File, Format Version 12.00
# Visual Studio Version 16
VisualStudioVersion = 16.0.30011.22
MinimumVisualStudioVersion = 10.0.40219.1
Project("{FAE04EC0-301F-11D3-BF4B-00C04F79EFBC}") = "FoodVeda", "FoodVeda\FoodVeda.csproj", "{D3D95AD6-60ED-42F5-BB02-91F86F8EB109}"
EndProject
Global
	GlobalSection(SolutionConfigurationPlatforms) = preSolution
		Debug|Any CPU = Debug|Any CPU
		Release|Any CPU = Release|Any CPU
	EndGlobalSection
	GlobalSection(ProjectConfigurationPlatforms) = postSolution
		{D3D95AD6-60ED-42F5-BB02-91F86F8EB109}.Debug|Any CPU.ActiveCfg = Debug|Any CPU
		{D3D95AD6-60ED-42F5-BB02-91F86F8EB109}.Debug|Any CPU.Build.0 = Debug|Any CPU
		{D3D95AD6-60ED-42F5-BB02-91F86F8EB109}.Release|Any CPU.ActiveCfg = Release|Any CPU
		{D3D95AD6-60ED-42F5-BB02-91F86F8EB109}.Release|Any CPU.Build.0 = Release|Any CPU
	EndGlobalSection
	GlobalSection(SolutionProperties) = preSolution
		HideSolutionNode = FALSE
	EndGlobalSection
	GlobalSection(ExtensibilityGlobals) = postSolution
		SolutionGuid = {C63ABC23-DF8E-41CA-9BD1-8EE0547EF984}
	EndGlobalSection
EndGlobal
